
Microsoft Visual Studio Solution File, Format Version 12.00
# Visual Studio Version 16
VisualStudioVersion = 16.0.30711.63
MinimumVisualStudioVersion = 10.0.40219.1
Project("{FAE04EC0-301F-11D3-BF4B-00C04F79EFBC}") = "RoomsAspMVCApp", "RoomsAspMVCApp.csproj", "{D44222FC-6A6D-41C4-8971-4FB813DA6742}"
EndProject
Project("{FAE04EC0-301F-11D3-BF4B-00C04F79EFBC}") = "Rooms.Data", "..\Rooms.Data\Rooms.Data.csproj", "{4D3AE341-211A-41C6-ACDE-DF8C1C9B7520}"
EndProject
Project("{FAE04EC0-301F-11D3-BF4B-00C04F79EFBC}") = "Rooms.Domain", "..\Rooms.Domain\Rooms.Domain.csproj", "{C53A5FD0-0017-44AD-828F-3067A76EEC64}"
EndProject
Global
	GlobalSection(SolutionConfigurationPlatforms) = preSolution
		Debug|Any CPU = Debug|Any CPU
		Release|Any CPU = Release|Any CPU
	EndGlobalSection
	GlobalSection(ProjectConfigurationPlatforms) = postSolution
		{D44222FC-6A6D-41C4-8971-4FB813DA6742}.Debug|Any CPU.ActiveCfg = Debug|Any CPU
		{D44222FC-6A6D-41C4-8971-4FB813DA6742}.Debug|Any CPU.Build.0 = Debug|Any CPU
		{D44222FC-6A6D-41C4-8971-4FB813DA6742}.Release|Any CPU.ActiveCfg = Release|Any CPU
		{D44222FC-6A6D-41C4-8971-4FB813DA6742}.Release|Any CPU.Build.0 = Release|Any CPU
		{4D3AE341-211A-41C6-ACDE-DF8C1C9B7520}.Debug|Any CPU.ActiveCfg = Debug|Any CPU
		{4D3AE341-211A-41C6-ACDE-DF8C1C9B7520}.Debug|Any CPU.Build.0 = Debug|Any CPU
		{4D3AE341-211A-41C6-ACDE-DF8C1C9B7520}.Release|Any CPU.ActiveCfg = Release|Any CPU
		{4D3AE341-211A-41C6-ACDE-DF8C1C9B7520}.Release|Any CPU.Build.0 = Release|Any CPU
		{C53A5FD0-0017-44AD-828F-3067A76EEC64}.Debug|Any CPU.ActiveCfg = Debug|Any CPU
		{C53A5FD0-0017-44AD-828F-3067A76EEC64}.Debug|Any CPU.Build.0 = Debug|Any CPU
		{C53A5FD0-0017-44AD-828F-3067A76EEC64}.Release|Any CPU.ActiveCfg = Release|Any CPU
		{C53A5FD0-0017-44AD-828F-3067A76EEC64}.Release|Any CPU.Build.0 = Release|Any CPU
	EndGlobalSection
	GlobalSection(SolutionProperties) = preSolution
		HideSolutionNode = FALSE
	EndGlobalSection
	GlobalSection(ExtensibilityGlobals) = postSolution
		SolutionGuid = {DE1E014E-6332-4ACD-8FAA-080075F8170E}
	EndGlobalSection
EndGlobal
